
Microsoft Visual Studio Solution File, Format Version 12.00
# Visual Studio 15
VisualStudioVersion = 15.0.28010.2019
MinimumVisualStudioVersion = 10.0.40219.1
Project("{FAE04EC0-301F-11D3-BF4B-00C04F79EFBC}") = "PTrampert.ApiProxy", "PTrampert.ApiProxy\PTrampert.ApiProxy.csproj", "{F7F60736-7B31-45BB-8F06-5B050100811B}"
EndProject
Global
	GlobalSection(SolutionConfigurationPlatforms) = preSolution
		Debug|Any CPU = Debug|Any CPU
		Release|Any CPU = Release|Any CPU
	EndGlobalSection
	GlobalSection(ProjectConfigurationPlatforms) = postSolution
		{F7F60736-7B31-45BB-8F06-5B050100811B}.Debug|Any CPU.ActiveCfg = Debug|Any CPU
		{F7F60736-7B31-45BB-8F06-5B050100811B}.Debug|Any CPU.Build.0 = Debug|Any CPU
		{F7F60736-7B31-45BB-8F06-5B050100811B}.Release|Any CPU.ActiveCfg = Release|Any CPU
		{F7F60736-7B31-45BB-8F06-5B050100811B}.Release|Any CPU.Build.0 = Release|Any CPU
	EndGlobalSection
	GlobalSection(SolutionProperties) = preSolution
		HideSolutionNode = FALSE
	EndGlobalSection
	GlobalSection(ExtensibilityGlobals) = postSolution
		SolutionGuid = {902E0E22-49DD-4E23-B661-E082650D7786}
	EndGlobalSection
EndGlobal
